# THIS IS AN AUTOGENERATED FILE. DO NOT EDIT THIS FILE DIRECTLY.
# yarn lockfile v1


react-icons@^4.8.0:
  version "4.8.0"
  resolved "https://registry.yarnpkg.com/react-icons/-/react-icons-4.8.0.tgz#621e900caa23b912f737e41be57f27f6b2bff445"
  integrity sha512-N6+kOLcihDiAnj5Czu637waJqSnwlMNROzVZMhfX68V/9bu9qHaMIJC4UdozWoOk57gahFCNHwVvWzm0MTzRjg==

sweetalert2@^11.7.5:
  version "11.7.5"
  resolved "https://registry.yarnpkg.com/sweetalert2/-/sweetalert2-11.7.5.tgz#d905b792cfcb69d5db479f839151ce12d8804a8e"
  integrity sha512-RBPKdK8Uf9/bz9r4vy7x6sGqf0MioSXt1po1lAwwcl3AwbjHVTc5S0yud4ZJKU1EhvJFVDrFoqIpHwWERwZJEA==
